
Microsoft Visual Studio Solution File, Format Version 12.00
# Visual Studio Version 16
VisualStudioVersion = 16.0.29209.152
MinimumVisualStudioVersion = 10.0.40219.1
Project("{9A19103F-16F7-4668-BE54-9A1E7A4F7556}") = "airline-service", "airline-service\airline-service.csproj", "{D6B6599C-B918-4E0C-92BD-D5AD2D9CBFE7}"
EndProject
Project("{9A19103F-16F7-4668-BE54-9A1E7A4F7556}") = "hotel-service", "hotel-service\hotel-service.csproj", "{0EACCCE5-4FB2-4CE7-8093-059332796EAA}"
EndProject
Project("{9A19103F-16F7-4668-BE54-9A1E7A4F7556}") = "last-minute", "last-minute\last-minute.csproj", "{14129D94-678E-48E4-8DD6-F043A8EC1C50}"
EndProject
Project("{9A19103F-16F7-4668-BE54-9A1E7A4F7556}") = "LastMinuteClient", "LastMinuteClient\LastMinuteClient.csproj", "{25D76C0B-00C0-484F-995A-3C16D93D6FD5}"
EndProject
Global
	GlobalSection(SolutionConfigurationPlatforms) = preSolution
		Debug|Any CPU = Debug|Any CPU
		Release|Any CPU = Release|Any CPU
	EndGlobalSection
	GlobalSection(ProjectConfigurationPlatforms) = postSolution
		{D6B6599C-B918-4E0C-92BD-D5AD2D9CBFE7}.Debug|Any CPU.ActiveCfg = Debug|Any CPU
		{D6B6599C-B918-4E0C-92BD-D5AD2D9CBFE7}.Debug|Any CPU.Build.0 = Debug|Any CPU
		{D6B6599C-B918-4E0C-92BD-D5AD2D9CBFE7}.Release|Any CPU.ActiveCfg = Release|Any CPU
		{D6B6599C-B918-4E0C-92BD-D5AD2D9CBFE7}.Release|Any CPU.Build.0 = Release|Any CPU
		{0EACCCE5-4FB2-4CE7-8093-059332796EAA}.Debug|Any CPU.ActiveCfg = Debug|Any CPU
		{0EACCCE5-4FB2-4CE7-8093-059332796EAA}.Debug|Any CPU.Build.0 = Debug|Any CPU
		{0EACCCE5-4FB2-4CE7-8093-059332796EAA}.Release|Any CPU.ActiveCfg = Release|Any CPU
		{0EACCCE5-4FB2-4CE7-8093-059332796EAA}.Release|Any CPU.Build.0 = Release|Any CPU
		{14129D94-678E-48E4-8DD6-F043A8EC1C50}.Debug|Any CPU.ActiveCfg = Debug|Any CPU
		{14129D94-678E-48E4-8DD6-F043A8EC1C50}.Debug|Any CPU.Build.0 = Debug|Any CPU
		{14129D94-678E-48E4-8DD6-F043A8EC1C50}.Release|Any CPU.ActiveCfg = Release|Any CPU
		{14129D94-678E-48E4-8DD6-F043A8EC1C50}.Release|Any CPU.Build.0 = Release|Any CPU
		{25D76C0B-00C0-484F-995A-3C16D93D6FD5}.Debug|Any CPU.ActiveCfg = Debug|Any CPU
		{25D76C0B-00C0-484F-995A-3C16D93D6FD5}.Debug|Any CPU.Build.0 = Debug|Any CPU
		{25D76C0B-00C0-484F-995A-3C16D93D6FD5}.Release|Any CPU.ActiveCfg = Release|Any CPU
		{25D76C0B-00C0-484F-995A-3C16D93D6FD5}.Release|Any CPU.Build.0 = Release|Any CPU
	EndGlobalSection
	GlobalSection(SolutionProperties) = preSolution
		HideSolutionNode = FALSE
	EndGlobalSection
	GlobalSection(ExtensibilityGlobals) = postSolution
		SolutionGuid = {09417934-8408-455B-A4ED-899E26820201}
	EndGlobalSection
EndGlobal
