
Microsoft Visual Studio Solution File, Format Version 12.00
# Visual Studio Version 16
VisualStudioVersion = 16.0.29209.152
MinimumVisualStudioVersion = 10.0.40219.1
Project("{FAE04EC0-301F-11D3-BF4B-00C04F79EFBC}") = "airline-service", "airline-service\airline-service.csproj", "{D6B6599C-B918-4E0C-92BD-D5AD2D9CBFE7}"
EndProject
Global
	GlobalSection(SolutionConfigurationPlatforms) = preSolution
		Debug|Any CPU = Debug|Any CPU
		Release|Any CPU = Release|Any CPU
	EndGlobalSection
	GlobalSection(ProjectConfigurationPlatforms) = postSolution
		{D6B6599C-B918-4E0C-92BD-D5AD2D9CBFE7}.Debug|Any CPU.ActiveCfg = Debug|Any CPU
		{D6B6599C-B918-4E0C-92BD-D5AD2D9CBFE7}.Debug|Any CPU.Build.0 = Debug|Any CPU
		{D6B6599C-B918-4E0C-92BD-D5AD2D9CBFE7}.Release|Any CPU.ActiveCfg = Release|Any CPU
		{D6B6599C-B918-4E0C-92BD-D5AD2D9CBFE7}.Release|Any CPU.Build.0 = Release|Any CPU
	EndGlobalSection
	GlobalSection(SolutionProperties) = preSolution
		HideSolutionNode = FALSE
	EndGlobalSection
	GlobalSection(ExtensibilityGlobals) = postSolution
		SolutionGuid = {09417934-8408-455B-A4ED-899E26820201}
	EndGlobalSection
EndGlobal
